
Microsoft Visual Studio Solution File, Format Version 12.00
# Visual Studio Version 17
VisualStudioVersion = 17.6.33815.320
MinimumVisualStudioVersion = 10.0.40219.1
Project("{FAE04EC0-301F-11D3-BF4B-00C04F79EFBC}") = "PersonDataManagement", "PersonDataManagement.csproj", "{DCF6F05B-335A-4FB4-BBE0-2E39514AF3FA}"
EndProject
Global
	GlobalSection(SolutionConfigurationPlatforms) = preSolution
		Debug|Any CPU = Debug|Any CPU
		Release|Any CPU = Release|Any CPU
	EndGlobalSection
	GlobalSection(ProjectConfigurationPlatforms) = postSolution
		{DCF6F05B-335A-4FB4-BBE0-2E39514AF3FA}.Debug|Any CPU.ActiveCfg = Debug|Any CPU
		{DCF6F05B-335A-4FB4-BBE0-2E39514AF3FA}.Debug|Any CPU.Build.0 = Debug|Any CPU
		{DCF6F05B-335A-4FB4-BBE0-2E39514AF3FA}.Release|Any CPU.ActiveCfg = Release|Any CPU
		{DCF6F05B-335A-4FB4-BBE0-2E39514AF3FA}.Release|Any CPU.Build.0 = Release|Any CPU
	EndGlobalSection
	GlobalSection(SolutionProperties) = preSolution
		HideSolutionNode = FALSE
	EndGlobalSection
	GlobalSection(ExtensibilityGlobals) = postSolution
		SolutionGuid = {9DFF837F-73F4-481B-AB41-A8D13D79BA7B}
	EndGlobalSection
EndGlobal
